// !$*UTF8*$!
{
	archiveVersion = 1;
	classes = {
	};
	objectVersion = 55;
	objects = {

/* Begin PBXBuildFile section */
		26026F8A27E30B3D001BE64F /* GoogleService-Info_old.plist in Resources */ = {isa = PBXBuildFile; fileRef = 26026F8927E30B3C001BE64F /* GoogleService-Info_old.plist */; };
		26026F8C27E31D9E001BE64F /* SubscriptionServices.swift in Sources */ = {isa = PBXBuildFile; fileRef = 26026F8B27E31D9E001BE64F /* SubscriptionServices.swift */; };
		2604ECFE27E9930F00441A9D /* UIViewExtension.swift in Sources */ = {isa = PBXBuildFile; fileRef = 2604ECFA27E9930F00441A9D /* UIViewExtension.swift */; };
		2604ECFF27E9930F00441A9D /* CommonAlertVC.swift in Sources */ = {isa = PBXBuildFile; fileRef = 2604ECFB27E9930F00441A9D /* CommonAlertVC.swift */; };
		2604ED0027E9930F00441A9D /* CommonAlertVC.xib in Resources */ = {isa = PBXBuildFile; fileRef = 2604ECFC27E9930F00441A9D /* CommonAlertVC.xib */; };
		2604ED0127E9930F00441A9D /* ExtensionUIViewController.swift in Sources */ = {isa = PBXBuildFile; fileRef = 2604ECFD27E9930F00441A9D /* ExtensionUIViewController.swift */; };
		26118F7527102D8F00B7165A /* InAppPurchase.storyboard in Resources */ = {isa = PBXBuildFile; fileRef = 26118F7427102D8F00B7165A /* InAppPurchase.storyboard */; };
		26118F7727102DA400B7165A /* InAppPurchaseScreen.swift in Sources */ = {isa = PBXBuildFile; fileRef = 26118F7627102DA400B7165A /* InAppPurchaseScreen.swift */; };
		26118F7927102DD400B7165A /* Question1Screen.swift in Sources */ = {isa = PBXBuildFile; fileRef = 26118F7827102DD400B7165A /* Question1Screen.swift */; };
		26118F7B27102DE400B7165A /* Question2Screen.swift in Sources */ = {isa = PBXBuildFile; fileRef = 26118F7A27102DE400B7165A /* Question2Screen.swift */; };
		26118F7D27102DF300B7165A /* Question3Screen.swift in Sources */ = {isa = PBXBuildFile; fileRef = 26118F7C27102DF300B7165A /* Question3Screen.swift */; };
		261B8273271161BC006E796B /* QuestionTableViewCell.swift in Sources */ = {isa = PBXBuildFile; fileRef = 261B8271271161BC006E796B /* QuestionTableViewCell.swift */; };
		261B8274271161BC006E796B /* QuestionTableViewCell.xib in Resources */ = {isa = PBXBuildFile; fileRef = 261B8272271161BC006E796B /* QuestionTableViewCell.xib */; };
		261B827727116BA5006E796B /* InAppPurchaseCollectionViewCell.swift in Sources */ = {isa = PBXBuildFile; fileRef = 261B827527116BA5006E796B /* InAppPurchaseCollectionViewCell.swift */; };
		261B827827116BA5006E796B /* InAppPurchaseCollectionViewCell.xib in Resources */ = {isa = PBXBuildFile; fileRef = 261B827627116BA5006E796B /* InAppPurchaseCollectionViewCell.xib */; };
		261B827A271199C8006E796B /* ServeyServices.swift in Sources */ = {isa = PBXBuildFile; fileRef = 261B8279271199C8006E796B /* ServeyServices.swift */; };
		261BF2B127E8459800B8B638 /* StoreKit.framework in Frameworks */ = {isa = PBXBuildFile; fileRef = 261BF2B027E8459800B8B638 /* StoreKit.framework */; };
		262708912726C9A800B270DC /* CallDirectoryHandler.swift in Sources */ = {isa = PBXBuildFile; fileRef = 262708902726C9A800B270DC /* CallDirectoryHandler.swift */; };
		262708952726C9A800B270DC /* Coverage-call-blockerExtension.appex in Embed App Extensions */ = {isa = PBXBuildFile; fileRef = 2627088E2726C9A800B270DC /* Coverage-call-blockerExtension.appex */; settings = {ATTRIBUTES = (RemoveHeadersOnCopy, ); }; };
		2627483327ABB160001D3544 /* AllContacts.json in Resources */ = {isa = PBXBuildFile; fileRef = 2627483227ABB160001D3544 /* AllContacts.json */; };
		2634DE47270F229F00F3C56B /* HomeScreen.swift in Sources */ = {isa = PBXBuildFile; fileRef = 2634DE46270F229F00F3C56B /* HomeScreen.swift */; };
		2657959027106E5000CB31B9 /* Roboto-Bold.ttf in Resources */ = {isa = PBXBuildFile; fileRef = 2657958827106DD300CB31B9 /* Roboto-Bold.ttf */; };
		2657959127106E5000CB31B9 /* Roboto-Regular.ttf in Resources */ = {isa = PBXBuildFile; fileRef = 2657958A27106DDB00CB31B9 /* Roboto-Regular.ttf */; };
		2657959227106E5000CB31B9 /* Roboto-Light.ttf in Resources */ = {isa = PBXBuildFile; fileRef = 2657958C27106DE200CB31B9 /* Roboto-Light.ttf */; };
		2657959327106E5000CB31B9 /* Roboto-Medium.ttf in Resources */ = {isa = PBXBuildFile; fileRef = 2657958E27106DE800CB31B9 /* Roboto-Medium.ttf */; };
		266ECD112720421F0097E6A5 /* WhitelistNumberScreen.swift in Sources */ = {isa = PBXBuildFile; fileRef = 266ECD102720421F0097E6A5 /* WhitelistNumberScreen.swift */; };
		266ECD13272042340097E6A5 /* BlacklistNumberScreen.swift in Sources */ = {isa = PBXBuildFile; fileRef = 266ECD12272042340097E6A5 /* BlacklistNumberScreen.swift */; };
		266ECD152720424A0097E6A5 /* SettingScreen.swift in Sources */ = {isa = PBXBuildFile; fileRef = 266ECD14272042490097E6A5 /* SettingScreen.swift */; };
		266ECD182720450F0097E6A5 /* ContactTableViewCell.swift in Sources */ = {isa = PBXBuildFile; fileRef = 266ECD162720450F0097E6A5 /* ContactTableViewCell.swift */; };
		266ECD192720450F0097E6A5 /* ContactTableViewCell.xib in Resources */ = {isa = PBXBuildFile; fileRef = 266ECD172720450F0097E6A5 /* ContactTableViewCell.xib */; };
		2676B812274CBB9900185C07 /* GoogleService-Info.plist in Resources */ = {isa = PBXBuildFile; fileRef = 2676B811274CBB9900185C07 /* GoogleService-Info.plist */; };
		267AE186270AE1A50012FCE0 /* SurveyScreen.swift in Sources */ = {isa = PBXBuildFile; fileRef = 267AE185270AE1A50012FCE0 /* SurveyScreen.swift */; };
		267AE189270AE1D80012FCE0 /* Survey.storyboard in Resources */ = {isa = PBXBuildFile; fileRef = 267AE188270AE1D80012FCE0 /* Survey.storyboard */; };
		267AE18B270AFE940012FCE0 /* SignupCompleteScreen.swift in Sources */ = {isa = PBXBuildFile; fileRef = 267AE18A270AFE940012FCE0 /* SignupCompleteScreen.swift */; };
		267F409C272BDBD9008B1B88 /* InAppPurchaseManager.swift in Sources */ = {isa = PBXBuildFile; fileRef = 267F409B272BDBD9008B1B88 /* InAppPurchaseManager.swift */; };
		2682953D272A891300FC069E /* Coverage_call_blocker.xcdatamodeld in Sources */ = {isa = PBXBuildFile; fileRef = 2696E5A12706EC510011337E /* Coverage_call_blocker.xcdatamodeld */; };
		2696E5992706EC510011337E /* AppDelegate.swift in Sources */ = {isa = PBXBuildFile; fileRef = 2696E5982706EC510011337E /* AppDelegate.swift */; };
		2696E59B2706EC510011337E /* SceneDelegate.swift in Sources */ = {isa = PBXBuildFile; fileRef = 2696E59A2706EC510011337E /* SceneDelegate.swift */; };
		2696E59D2706EC510011337E /* ViewController.swift in Sources */ = {isa = PBXBuildFile; fileRef = 2696E59C2706EC510011337E /* ViewController.swift */; };
		2696E5A02706EC510011337E /* Main.storyboard in Resources */ = {isa = PBXBuildFile; fileRef = 2696E59E2706EC510011337E /* Main.storyboard */; };
		2696E5A52706EC540011337E /* Assets.xcassets in Resources */ = {isa = PBXBuildFile; fileRef = 2696E5A42706EC540011337E /* Assets.xcassets */; };
		2696E5A82706EC540011337E /* LaunchScreen.storyboard in Resources */ = {isa = PBXBuildFile; fileRef = 2696E5A62706EC540011337E /* LaunchScreen.storyboard */; };
		2696E5C22706EF310011337E /* LightCompressor.swift in Sources */ = {isa = PBXBuildFile; fileRef = 2696E5B72706EF310011337E /* LightCompressor.swift */; };
		2696E5C32706EF320011337E /* Extension.swift in Sources */ = {isa = PBXBuildFile; fileRef = 2696E5B82706EF310011337E /* Extension.swift */; };
		2696E5C42706EF320011337E /* File.swift in Sources */ = {isa = PBXBuildFile; fileRef = 2696E5B92706EF310011337E /* File.swift */; };
		2696E5C52706EF320011337E /* Dir.swift in Sources */ = {isa = PBXBuildFile; fileRef = 2696E5BA2706EF310011337E /* Dir.swift */; };
		2696E5C62706EF320011337E /* ExtensionClass.swift in Sources */ = {isa = PBXBuildFile; fileRef = 2696E5BB2706EF310011337E /* ExtensionClass.swift */; };
		2696E5C72706EF320011337E /* Utility.swift in Sources */ = {isa = PBXBuildFile; fileRef = 2696E5BC2706EF310011337E /* Utility.swift */; };
		2696E5C82706EF320011337E /* SwiftLoader in Resources */ = {isa = PBXBuildFile; fileRef = 2696E5BD2706EF310011337E /* SwiftLoader */; };
		2696E5C92706EF320011337E /* Rachability in Resources */ = {isa = PBXBuildFile; fileRef = 2696E5BE2706EF310011337E /* Rachability */; };
		2696E5CA2706EF320011337E /* ImagePicker.swift in Sources */ = {isa = PBXBuildFile; fileRef = 2696E5BF2706EF310011337E /* ImagePicker.swift */; };
		2696E5CB2706EF320011337E /* Constant.swift in Sources */ = {isa = PBXBuildFile; fileRef = 2696E5C02706EF310011337E /* Constant.swift */; };
		2696E5CC2706EF320011337E /* Toast.swift in Sources */ = {isa = PBXBuildFile; fileRef = 2696E5C12706EF310011337E /* Toast.swift */; };
		2696E5CF2706F0530011337E /* Login.storyboard in Resources */ = {isa = PBXBuildFile; fileRef = 2696E5CE2706F0530011337E /* Login.storyboard */; };
		2696E5D32706F0C70011337E /* LoginScreen.swift in Sources */ = {isa = PBXBuildFile; fileRef = 2696E5D22706F0C70011337E /* LoginScreen.swift */; };
		2696E5D52706F52A0011337E /* APIManager.swift in Sources */ = {isa = PBXBuildFile; fileRef = 2696E5D42706F52A0011337E /* APIManager.swift */; };
		2696E5D92706F55E0011337E /* RequestModel.swift in Sources */ = {isa = PBXBuildFile; fileRef = 2696E5D62706F55E0011337E /* RequestModel.swift */; };
		2696E5DA2706F55E0011337E /* Response.swift in Sources */ = {isa = PBXBuildFile; fileRef = 2696E5D72706F55E0011337E /* Response.swift */; };
		2696E5DB2706F55E0011337E /* ResponseModel.swift in Sources */ = {isa = PBXBuildFile; fileRef = 2696E5D82706F55E0011337E /* ResponseModel.swift */; };
		2696E5DD2706F5720011337E /* LoginService.swift in Sources */ = {isa = PBXBuildFile; fileRef = 2696E5DC2706F5720011337E /* LoginService.swift */; };
		26A8BA7A272964F8004E71F3 /* ContactsScreen.swift in Sources */ = {isa = PBXBuildFile; fileRef = 26A8BA79272964F7004E71F3 /* ContactsScreen.swift */; };
		26AB28C527393AC6000D6532 /* AddNumberScreen.swift in Sources */ = {isa = PBXBuildFile; fileRef = 26AB28C427393AC5000D6532 /* AddNumberScreen.swift */; };
		26C41E5D271834B900EF345F /* States.json in Resources */ = {isa = PBXBuildFile; fileRef = 26C41E5C271834B900EF345F /* States.json */; };
		26C41E5F27183BA000EF345F /* IndustryGroups.json in Resources */ = {isa = PBXBuildFile; fileRef = 26C41E5E27183BA000EF345F /* IndustryGroups.json */; };
		26CDA9AF2728161E0077167B /* CallerData.docc in Sources */ = {isa = PBXBuildFile; fileRef = 26CDA9AE2728161D0077167B /* CallerData.docc */; };
		26CDA9BD2728161E0077167B /* CallerData.h in Headers */ = {isa = PBXBuildFile; fileRef = 26CDA9AD2728161D0077167B /* CallerData.h */; settings = {ATTRIBUTES = (Public, ); }; };
		26CDA9C02728161E0077167B /* CallerData.framework in Frameworks */ = {isa = PBXBuildFile; fileRef = 26CDA9AB2728161D0077167B /* CallerData.framework */; };
		26CDA9C12728161E0077167B /* CallerData.framework in Embed Frameworks */ = {isa = PBXBuildFile; fileRef = 26CDA9AB2728161D0077167B /* CallerData.framework */; settings = {ATTRIBUTES = (CodeSignOnCopy, RemoveHeadersOnCopy, ); }; };
		26CDA9CB2728179D0077167B /* CallerData.framework in Frameworks */ = {isa = PBXBuildFile; fileRef = 26CDA9AB2728161D0077167B /* CallerData.framework */; };
		26CDA9CC2728179D0077167B /* CallerData.framework in Embed Frameworks */ = {isa = PBXBuildFile; fileRef = 26CDA9AB2728161D0077167B /* CallerData.framework */; settings = {ATTRIBUTES = (CodeSignOnCopy, RemoveHeadersOnCopy, ); }; };
		26CDA9D027281FCA0077167B /* CallerData.swift in Sources */ = {isa = PBXBuildFile; fileRef = 26CDA9C8272816500077167B /* CallerData.swift */; };
		26E0B470270C34F700085C47 /* Home.storyboard in Resources */ = {isa = PBXBuildFile; fileRef = 26E0B46F270C34F700085C47 /* Home.storyboard */; };
		26E0B474270C35DA00085C47 /* Menu.storyboard in Resources */ = {isa = PBXBuildFile; fileRef = 26E0B473270C35DA00085C47 /* Menu.storyboard */; };
		26E0B476270C35EB00085C47 /* MenuScreen.swift in Sources */ = {isa = PBXBuildFile; fileRef = 26E0B475270C35EB00085C47 /* MenuScreen.swift */; };
		26F7B14827E1B67E00B2C5E5 /* AllContactsLaks.json in Resources */ = {isa = PBXBuildFile; fileRef = 26F7B14727E1B67E00B2C5E5 /* AllContactsLaks.json */; };
		26F7E61427073E1B0094E3BA /* MobileScreen.swift in Sources */ = {isa = PBXBuildFile; fileRef = 26F7E61327073E1B0094E3BA /* MobileScreen.swift */; };
		26F7E61627073E3E0094E3BA /* VerifyScreen.swift in Sources */ = {isa = PBXBuildFile; fileRef = 26F7E61527073E3E0094E3BA /* VerifyScreen.swift */; };
		6337587BBA7A9BD8D880846D /* Pods_Coverage_call_blocker.framework in Frameworks */ = {isa = PBXBuildFile; fileRef = 7285F1BDFFFDCF9EE20CAA06 /* Pods_Coverage_call_blocker.framework */; };
/* End PBXBuildFile section */

/* Begin PBXContainerItemProxy section */
		262708932726C9A800B270DC /* PBXContainerItemProxy */ = {
			isa = PBXContainerItemProxy;
			containerPortal = 2696E58D2706EC510011337E /* Project object */;
			proxyType = 1;
			remoteGlobalIDString = 2627088D2726C9A800B270DC;
			remoteInfo = "Coverage-call-blockerExtension";
		};
		26CDA9BE2728161E0077167B /* PBXContainerItemProxy */ = {
			isa = PBXContainerItemProxy;
			containerPortal = 2696E58D2706EC510011337E /* Project object */;
			proxyType = 1;
			remoteGlobalIDString = 26CDA9AA2728161D0077167B;
			remoteInfo = CallerData;
		};
		26CDA9CD2728179E0077167B /* PBXContainerItemProxy */ = {
			isa = PBXContainerItemProxy;
			containerPortal = 2696E58D2706EC510011337E /* Project object */;
			proxyType = 1;
			remoteGlobalIDString = 26CDA9AA2728161D0077167B;
			remoteInfo = CallerData;
		};
/* End PBXContainerItemProxy section */

/* Begin PBXCopyFilesBuildPhase section */
		2627082B2726C49C00B270DC /* Embed Frameworks */ = {
			isa = PBXCopyFilesBuildPhase;
			buildActionMask = 2147483647;
			dstPath = "";
			dstSubfolderSpec = 10;
			files = (
				26CDA9C12728161E0077167B /* CallerData.framework in Embed Frameworks */,
			);
			name = "Embed Frameworks";
			runOnlyForDeploymentPostprocessing = 0;
		};
		268D86E52726BDFB00D983A4 /* Embed App Extensions */ = {
			isa = PBXCopyFilesBuildPhase;
			buildActionMask = 2147483647;
			dstPath = "";
			dstSubfolderSpec = 13;
			files = (
				262708952726C9A800B270DC /* Coverage-call-blockerExtension.appex in Embed App Extensions */,
			);
			name = "Embed App Extensions";
			runOnlyForDeploymentPostprocessing = 0;
		};
		26CDA9822727E1530077167B /* Embed Frameworks */ = {
			isa = PBXCopyFilesBuildPhase;
			buildActionMask = 2147483647;
			dstPath = "";
			dstSubfolderSpec = 10;
			files = (
				26CDA9CC2728179D0077167B /* CallerData.framework in Embed Frameworks */,
			);
			name = "Embed Frameworks";
			runOnlyForDeploymentPostprocessing = 0;
		};
/* End PBXCopyFilesBuildPhase section */

/* Begin PBXFileReference section */
		26026F8927E30B3C001BE64F /* GoogleService-Info_old.plist */ = {isa = PBXFileReference; fileEncoding = 4; lastKnownFileType = text.plist.xml; path = "GoogleService-Info_old.plist"; sourceTree = "<group>"; };
		26026F8B27E31D9E001BE64F /* SubscriptionServices.swift */ = {isa = PBXFileReference; lastKnownFileType = sourcecode.swift; path = SubscriptionServices.swift; sourceTree = "<group>"; };
		2604ECFA27E9930F00441A9D /* UIViewExtension.swift */ = {isa = PBXFileReference; fileEncoding = 4; lastKnownFileType = sourcecode.swift; path = UIViewExtension.swift; sourceTree = "<group>"; };
		2604ECFB27E9930F00441A9D /* CommonAlertVC.swift */ = {isa = PBXFileReference; fileEncoding = 4; lastKnownFileType = sourcecode.swift; path = CommonAlertVC.swift; sourceTree = "<group>"; };
		2604ECFC27E9930F00441A9D /* CommonAlertVC.xib */ = {isa = PBXFileReference; fileEncoding = 4; lastKnownFileType = file.xib; path = CommonAlertVC.xib; sourceTree = "<group>"; };
		2604ECFD27E9930F00441A9D /* ExtensionUIViewController.swift */ = {isa = PBXFileReference; fileEncoding = 4; lastKnownFileType = sourcecode.swift; path = ExtensionUIViewController.swift; sourceTree = "<group>"; };
		26118F7427102D8F00B7165A /* InAppPurchase.storyboard */ = {isa = PBXFileReference; lastKnownFileType = file.storyboard; path = InAppPurchase.storyboard; sourceTree = "<group>"; };
		26118F7627102DA400B7165A /* InAppPurchaseScreen.swift */ = {isa = PBXFileReference; lastKnownFileType = sourcecode.swift; path = InAppPurchaseScreen.swift; sourceTree = "<group>"; };
		26118F7827102DD400B7165A /* Question1Screen.swift */ = {isa = PBXFileReference; lastKnownFileType = sourcecode.swift; path = Question1Screen.swift; sourceTree = "<group>"; };
		26118F7A27102DE400B7165A /* Question2Screen.swift */ = {isa = PBXFileReference; lastKnownFileType = sourcecode.swift; path = Question2Screen.swift; sourceTree = "<group>"; };
		26118F7C27102DF300B7165A /* Question3Screen.swift */ = {isa = PBXFileReference; lastKnownFileType = sourcecode.swift; path = Question3Screen.swift; sourceTree = "<group>"; };
		261B8271271161BC006E796B /* QuestionTableViewCell.swift */ = {isa = PBXFileReference; lastKnownFileType = sourcecode.swift; path = QuestionTableViewCell.swift; sourceTree = "<group>"; };
		261B8272271161BC006E796B /* QuestionTableViewCell.xib */ = {isa = PBXFileReference; lastKnownFileType = file.xib; path = QuestionTableViewCell.xib; sourceTree = "<group>"; };
		261B827527116BA5006E796B /* InAppPurchaseCollectionViewCell.swift */ = {isa = PBXFileReference; lastKnownFileType = sourcecode.swift; path = InAppPurchaseCollectionViewCell.swift; sourceTree = "<group>"; };
		261B827627116BA5006E796B /* InAppPurchaseCollectionViewCell.xib */ = {isa = PBXFileReference; lastKnownFileType = file.xib; path = InAppPurchaseCollectionViewCell.xib; sourceTree = "<group>"; };
		261B8279271199C8006E796B /* ServeyServices.swift */ = {isa = PBXFileReference; lastKnownFileType = sourcecode.swift; path = ServeyServices.swift; sourceTree = "<group>"; };
		261BF2B027E8459800B8B638 /* StoreKit.framework */ = {isa = PBXFileReference; lastKnownFileType = wrapper.framework; name = StoreKit.framework; path = System/Library/Frameworks/StoreKit.framework; sourceTree = SDKROOT; };
		2627088E2726C9A800B270DC /* Coverage-call-blockerExtension.appex */ = {isa = PBXFileReference; explicitFileType = "wrapper.app-extension"; includeInIndex = 0; path = "Coverage-call-blockerExtension.appex"; sourceTree = BUILT_PRODUCTS_DIR; };
		262708902726C9A800B270DC /* CallDirectoryHandler.swift */ = {isa = PBXFileReference; lastKnownFileType = sourcecode.swift; path = CallDirectoryHandler.swift; sourceTree = "<group>"; };
		262708922726C9A800B270DC /* Info.plist */ = {isa = PBXFileReference; lastKnownFileType = text.plist.xml; path = Info.plist; sourceTree = "<group>"; };
		2627089E2726CA5800B270DC /* Coverage-call-blockerExtensionRelease.entitlements */ = {isa = PBXFileReference; lastKnownFileType = text.plist.entitlements; path = "Coverage-call-blockerExtensionRelease.entitlements"; sourceTree = "<group>"; };
		2627483227ABB160001D3544 /* AllContacts.json */ = {isa = PBXFileReference; fileEncoding = 4; lastKnownFileType = text.json; path = AllContacts.json; sourceTree = "<group>"; };
		2634DE46270F229F00F3C56B /* HomeScreen.swift */ = {isa = PBXFileReference; lastKnownFileType = sourcecode.swift; path = HomeScreen.swift; sourceTree = "<group>"; };
		2657958827106DD300CB31B9 /* Roboto-Bold.ttf */ = {isa = PBXFileReference; lastKnownFileType = file; path = "Roboto-Bold.ttf"; sourceTree = "<group>"; };
		2657958A27106DDB00CB31B9 /* Roboto-Regular.ttf */ = {isa = PBXFileReference; lastKnownFileType = file; path = "Roboto-Regular.ttf"; sourceTree = "<group>"; };
		2657958C27106DE200CB31B9 /* Roboto-Light.ttf */ = {isa = PBXFileReference; lastKnownFileType = file; path = "Roboto-Light.ttf"; sourceTree = "<group>"; };
		2657958E27106DE800CB31B9 /* Roboto-Medium.ttf */ = {isa = PBXFileReference; lastKnownFileType = file; path = "Roboto-Medium.ttf"; sourceTree = "<group>"; };
		265BA358272197E70016ACE4 /* Coverage-call-blockerRelease.entitlements */ = {isa = PBXFileReference; lastKnownFileType = text.plist.entitlements; path = "Coverage-call-blockerRelease.entitlements"; sourceTree = "<group>"; };
		266ECD102720421F0097E6A5 /* WhitelistNumberScreen.swift */ = {isa = PBXFileReference; lastKnownFileType = sourcecode.swift; path = WhitelistNumberScreen.swift; sourceTree = "<group>"; };
		266ECD12272042340097E6A5 /* BlacklistNumberScreen.swift */ = {isa = PBXFileReference; lastKnownFileType = sourcecode.swift; path = BlacklistNumberScreen.swift; sourceTree = "<group>"; };
		266ECD14272042490097E6A5 /* SettingScreen.swift */ = {isa = PBXFileReference; lastKnownFileType = sourcecode.swift; path = SettingScreen.swift; sourceTree = "<group>"; };
		266ECD162720450F0097E6A5 /* ContactTableViewCell.swift */ = {isa = PBXFileReference; lastKnownFileType = sourcecode.swift; path = ContactTableViewCell.swift; sourceTree = "<group>"; };
		266ECD172720450F0097E6A5 /* ContactTableViewCell.xib */ = {isa = PBXFileReference; lastKnownFileType = file.xib; path = ContactTableViewCell.xib; sourceTree = "<group>"; };
		2676B811274CBB9900185C07 /* GoogleService-Info.plist */ = {isa = PBXFileReference; fileEncoding = 4; lastKnownFileType = text.plist.xml; path = "GoogleService-Info.plist"; sourceTree = "<group>"; };
		267AE185270AE1A50012FCE0 /* SurveyScreen.swift */ = {isa = PBXFileReference; lastKnownFileType = sourcecode.swift; path = SurveyScreen.swift; sourceTree = "<group>"; };
		267AE188270AE1D80012FCE0 /* Survey.storyboard */ = {isa = PBXFileReference; lastKnownFileType = file.storyboard; path = Survey.storyboard; sourceTree = "<group>"; };
		267AE18A270AFE940012FCE0 /* SignupCompleteScreen.swift */ = {isa = PBXFileReference; lastKnownFileType = sourcecode.swift; path = SignupCompleteScreen.swift; sourceTree = "<group>"; };
		267F409B272BDBD9008B1B88 /* InAppPurchaseManager.swift */ = {isa = PBXFileReference; fileEncoding = 4; lastKnownFileType = sourcecode.swift; path = InAppPurchaseManager.swift; sourceTree = "<group>"; };
		2696E5952706EC510011337E /* Coverage-call-blocker.app */ = {isa = PBXFileReference; explicitFileType = wrapper.application; includeInIndex = 0; path = "Coverage-call-blocker.app"; sourceTree = BUILT_PRODUCTS_DIR; };
		2696E5982706EC510011337E /* AppDelegate.swift */ = {isa = PBXFileReference; lastKnownFileType = sourcecode.swift; path = AppDelegate.swift; sourceTree = "<group>"; };
		2696E59A2706EC510011337E /* SceneDelegate.swift */ = {isa = PBXFileReference; lastKnownFileType = sourcecode.swift; path = SceneDelegate.swift; sourceTree = "<group>"; };
		2696E59C2706EC510011337E /* ViewController.swift */ = {isa = PBXFileReference; lastKnownFileType = sourcecode.swift; path = ViewController.swift; sourceTree = "<group>"; };
		2696E59F2706EC510011337E /* Base */ = {isa = PBXFileReference; lastKnownFileType = file.storyboard; name = Base; path = Base.lproj/Main.storyboard; sourceTree = "<group>"; };
		2696E5A22706EC510011337E /* Coverage_call_blocker.xcdatamodel */ = {isa = PBXFileReference; lastKnownFileType = wrapper.xcdatamodel; path = Coverage_call_blocker.xcdatamodel; sourceTree = "<group>"; };
		2696E5A42706EC540011337E /* Assets.xcassets */ = {isa = PBXFileReference; lastKnownFileType = folder.assetcatalog; path = Assets.xcassets; sourceTree = "<group>"; };
		2696E5A72706EC540011337E /* Base */ = {isa = PBXFileReference; lastKnownFileType = file.storyboard; name = Base; path = Base.lproj/LaunchScreen.storyboard; sourceTree = "<group>"; };
		2696E5A92706EC540011337E /* Info.plist */ = {isa = PBXFileReference; lastKnownFileType = text.plist.xml; path = Info.plist; sourceTree = "<group>"; };
		2696E5B72706EF310011337E /* LightCompressor.swift */ = {isa = PBXFileReference; fileEncoding = 4; lastKnownFileType = sourcecode.swift; path = LightCompressor.swift; sourceTree = "<group>"; };
		2696E5B82706EF310011337E /* Extension.swift */ = {isa = PBXFileReference; fileEncoding = 4; lastKnownFileType = sourcecode.swift; path = Extension.swift; sourceTree = "<group>"; };
		2696E5B92706EF310011337E /* File.swift */ = {isa = PBXFileReference; fileEncoding = 4; lastKnownFileType = sourcecode.swift; path = File.swift; sourceTree = "<group>"; };
		2696E5BA2706EF310011337E /* Dir.swift */ = {isa = PBXFileReference; fileEncoding = 4; lastKnownFileType = sourcecode.swift; path = Dir.swift; sourceTree = "<group>"; };
		2696E5BB2706EF310011337E /* ExtensionClass.swift */ = {isa = PBXFileReference; fileEncoding = 4; lastKnownFileType = sourcecode.swift; path = ExtensionClass.swift; sourceTree = "<group>"; };
		2696E5BC2706EF310011337E /* Utility.swift */ = {isa = PBXFileReference; fileEncoding = 4; lastKnownFileType = sourcecode.swift; path = Utility.swift; sourceTree = "<group>"; };
		2696E5BD2706EF310011337E /* SwiftLoader */ = {isa = PBXFileReference; lastKnownFileType = folder; path = SwiftLoader; sourceTree = "<group>"; };
		2696E5BE2706EF310011337E /* Rachability */ = {isa = PBXFileReference; lastKnownFileType = folder; path = Rachability; sourceTree = "<group>"; };
		2696E5BF2706EF310011337E /* ImagePicker.swift */ = {isa = PBXFileReference; fileEncoding = 4; lastKnownFileType = sourcecode.swift; path = ImagePicker.swift; sourceTree = "<group>"; };
		2696E5C02706EF310011337E /* Constant.swift */ = {isa = PBXFileReference; fileEncoding = 4; lastKnownFileType = sourcecode.swift; path = Constant.swift; sourceTree = "<group>"; };
		2696E5C12706EF310011337E /* Toast.swift */ = {isa = PBXFileReference; fileEncoding = 4; lastKnownFileType = sourcecode.swift; path = Toast.swift; sourceTree = "<group>"; };
		2696E5CE2706F0530011337E /* Login.storyboard */ = {isa = PBXFileReference; lastKnownFileType = file.storyboard; path = Login.storyboard; sourceTree = "<group>"; };
		2696E5D22706F0C70011337E /* LoginScreen.swift */ = {isa = PBXFileReference; lastKnownFileType = sourcecode.swift; path = LoginScreen.swift; sourceTree = "<group>"; };
		2696E5D42706F52A0011337E /* APIManager.swift */ = {isa = PBXFileReference; fileEncoding = 4; lastKnownFileType = sourcecode.swift; path = APIManager.swift; sourceTree = "<group>"; };
		2696E5D62706F55E0011337E /* RequestModel.swift */ = {isa = PBXFileReference; fileEncoding = 4; lastKnownFileType = sourcecode.swift; path = RequestModel.swift; sourceTree = "<group>"; };
		2696E5D72706F55E0011337E /* Response.swift */ = {isa = PBXFileReference; fileEncoding = 4; lastKnownFileType = sourcecode.swift; path = Response.swift; sourceTree = "<group>"; };
		2696E5D82706F55E0011337E /* ResponseModel.swift */ = {isa = PBXFileReference; fileEncoding = 4; lastKnownFileType = sourcecode.swift; path = ResponseModel.swift; sourceTree = "<group>"; };
		2696E5DC2706F5720011337E /* LoginService.swift */ = {isa = PBXFileReference; fileEncoding = 4; lastKnownFileType = sourcecode.swift; path = LoginService.swift; sourceTree = "<group>"; };
		26A8BA79272964F7004E71F3 /* ContactsScreen.swift */ = {isa = PBXFileReference; lastKnownFileType = sourcecode.swift; path = ContactsScreen.swift; sourceTree = "<group>"; };
		26AB28C427393AC5000D6532 /* AddNumberScreen.swift */ = {isa = PBXFileReference; lastKnownFileType = sourcecode.swift; path = AddNumberScreen.swift; sourceTree = "<group>"; };
		26C41E5C271834B900EF345F /* States.json */ = {isa = PBXFileReference; lastKnownFileType = text.json; path = States.json; sourceTree = "<group>"; };
		26C41E5E27183BA000EF345F /* IndustryGroups.json */ = {isa = PBXFileReference; lastKnownFileType = text.json; path = IndustryGroups.json; sourceTree = "<group>"; };
		26CDA9832727E2590077167B /* Coverage-call-blockerExtension.entitlements */ = {isa = PBXFileReference; lastKnownFileType = text.plist.entitlements; path = "Coverage-call-blockerExtension.entitlements"; sourceTree = "<group>"; };
		26CDA9AB2728161D0077167B /* CallerData.framework */ = {isa = PBXFileReference; explicitFileType = wrapper.framework; includeInIndex = 0; path = CallerData.framework; sourceTree = BUILT_PRODUCTS_DIR; };
		26CDA9AD2728161D0077167B /* CallerData.h */ = {isa = PBXFileReference; lastKnownFileType = sourcecode.c.h; path = CallerData.h; sourceTree = "<group>"; };
		26CDA9AE2728161D0077167B /* CallerData.docc */ = {isa = PBXFileReference; lastKnownFileType = folder.documentationcatalog; path = CallerData.docc; sourceTree = "<group>"; };
		26CDA9BB2728161E0077167B /* CallerDataTests.swift */ = {isa = PBXFileReference; lastKnownFileType = sourcecode.swift; path = CallerDataTests.swift; sourceTree = "<group>"; };
		26CDA9C8272816500077167B /* CallerData.swift */ = {isa = PBXFileReference; lastKnownFileType = sourcecode.swift; path = CallerData.swift; sourceTree = "<group>"; };
		26E0B46F270C34F700085C47 /* Home.storyboard */ = {isa = PBXFileReference; lastKnownFileType = file.storyboard; path = Home.storyboard; sourceTree = "<group>"; };
		26E0B473270C35DA00085C47 /* Menu.storyboard */ = {isa = PBXFileReference; lastKnownFileType = file.storyboard; path = Menu.storyboard; sourceTree = "<group>"; };
		26E0B475270C35EB00085C47 /* MenuScreen.swift */ = {isa = PBXFileReference; lastKnownFileType = sourcecode.swift; path = MenuScreen.swift; sourceTree = "<group>"; };
		26EC301E27282B7500524601 /* Coverage-call-blocker.entitlements */ = {isa = PBXFileReference; lastKnownFileType = text.plist.entitlements; path = "Coverage-call-blocker.entitlements"; sourceTree = "<group>"; };
		26F7B14727E1B67E00B2C5E5 /* AllContactsLaks.json */ = {isa = PBXFileReference; fileEncoding = 4; lastKnownFileType = text.json; path = AllContactsLaks.json; sourceTree = "<group>"; };
		26F7E61327073E1B0094E3BA /* MobileScreen.swift */ = {isa = PBXFileReference; lastKnownFileType = sourcecode.swift; path = MobileScreen.swift; sourceTree = "<group>"; };
		26F7E61527073E3E0094E3BA /* VerifyScreen.swift */ = {isa = PBXFileReference; lastKnownFileType = sourcecode.swift; path = VerifyScreen.swift; sourceTree = "<group>"; };
		37DF8F67479F0300A9C23746 /* Pods-Coverage-call-blocker.debug.xcconfig */ = {isa = PBXFileReference; includeInIndex = 1; lastKnownFileType = text.xcconfig; name = "Pods-Coverage-call-blocker.debug.xcconfig"; path = "Target Support Files/Pods-Coverage-call-blocker/Pods-Coverage-call-blocker.debug.xcconfig"; sourceTree = "<group>"; };
		5079697AA893EC54F3F792BA /* Pods-Coverage-call-blocker.release.xcconfig */ = {isa = PBXFileReference; includeInIndex = 1; lastKnownFileType = text.xcconfig; name = "Pods-Coverage-call-blocker.release.xcconfig"; path = "Target Support Files/Pods-Coverage-call-blocker/Pods-Coverage-call-blocker.release.xcconfig"; sourceTree = "<group>"; };
		7285F1BDFFFDCF9EE20CAA06 /* Pods_Coverage_call_blocker.framework */ = {isa = PBXFileReference; explicitFileType = wrapper.framework; includeInIndex = 0; path = Pods_Coverage_call_blocker.framework; sourceTree = BUILT_PRODUCTS_DIR; };
/* End PBXFileReference section */

/* Begin PBXFrameworksBuildPhase section */
		2627088B2726C9A800B270DC /* Frameworks */ = {
			isa = PBXFrameworksBuildPhase;
			buildActionMask = 2147483647;
			files = (
				26CDA9CB2728179D0077167B /* CallerData.framework in Frameworks */,
			);
			runOnlyForDeploymentPostprocessing = 0;
		};
		2696E5922706EC510011337E /* Frameworks */ = {
			isa = PBXFrameworksBuildPhase;
			buildActionMask = 2147483647;
			files = (
				261BF2B127E8459800B8B638 /* StoreKit.framework in Frameworks */,
				6337587BBA7A9BD8D880846D /* Pods_Coverage_call_blocker.framework in Frameworks */,
				26CDA9C02728161E0077167B /* CallerData.framework in Frameworks */,
			);
			runOnlyForDeploymentPostprocessing = 0;
		};
		26CDA9A82728161D0077167B /* Frameworks */ = {
			isa = PBXFrameworksBuildPhase;
			buildActionMask = 2147483647;
			files = (
			);
			runOnlyForDeploymentPostprocessing = 0;
		};
/* End PBXFrameworksBuildPhase section */

/* Begin PBXGroup section */
		0DB0754D024C49CB2EE3E6C2 /* Frameworks */ = {
			isa = PBXGroup;
			children = (
				261BF2B027E8459800B8B638 /* StoreKit.framework */,
				7285F1BDFFFDCF9EE20CAA06 /* Pods_Coverage_call_blocker.framework */,
			);
			name = Frameworks;
			sourceTree = "<group>";
		};
		2604ECF927E9930F00441A9D /* CustomAlert */ = {
			isa = PBXGroup;
			children = (
				2604ECFA27E9930F00441A9D /* UIViewExtension.swift */,
				2604ECFB27E9930F00441A9D /* CommonAlertVC.swift */,
				2604ECFC27E9930F00441A9D /* CommonAlertVC.xib */,
				2604ECFD27E9930F00441A9D /* ExtensionUIViewController.swift */,
			);
			path = CustomAlert;
			sourceTree = "<group>";
		};
		26118F7327102D6400B7165A /* InAppPurchase */ = {
			isa = PBXGroup;
			children = (
				26118F7427102D8F00B7165A /* InAppPurchase.storyboard */,
				26118F7627102DA400B7165A /* InAppPurchaseScreen.swift */,
			);
			path = InAppPurchase;
			sourceTree = "<group>";
		};
		2627088F2726C9A800B270DC /* Coverage-call-blockerExtension */ = {
			isa = PBXGroup;
			children = (
				26CDA9832727E2590077167B /* Coverage-call-blockerExtension.entitlements */,
				2627089E2726CA5800B270DC /* Coverage-call-blockerExtensionRelease.entitlements */,
				262708902726C9A800B270DC /* CallDirectoryHandler.swift */,
				262708922726C9A800B270DC /* Info.plist */,
			);
			path = "Coverage-call-blockerExtension";
			sourceTree = "<group>";
		};
		2657958727106DC100CB31B9 /* Fonts */ = {
			isa = PBXGroup;
			children = (
				2657958827106DD300CB31B9 /* Roboto-Bold.ttf */,
				2657958A27106DDB00CB31B9 /* Roboto-Regular.ttf */,
				2657958C27106DE200CB31B9 /* Roboto-Light.ttf */,
				2657958E27106DE800CB31B9 /* Roboto-Medium.ttf */,
			);
			path = Fonts;
			sourceTree = "<group>";
		};
		267AE187270AE1BA0012FCE0 /* Survey */ = {
			isa = PBXGroup;
			children = (
				267AE188270AE1D80012FCE0 /* Survey.storyboard */,
				267AE185270AE1A50012FCE0 /* SurveyScreen.swift */,
				26118F7827102DD400B7165A /* Question1Screen.swift */,
				26118F7A27102DE400B7165A /* Question2Screen.swift */,
				26118F7C27102DF300B7165A /* Question3Screen.swift */,
			);
			path = Survey;
			sourceTree = "<group>";
		};
		2696E58C2706EC510011337E = {
			isa = PBXGroup;
			children = (
				2696E5972706EC510011337E /* Coverage-call-blocker */,
				2627088F2726C9A800B270DC /* Coverage-call-blockerExtension */,
				26CDA9AC2728161D0077167B /* CallerData */,
				26CDA9BA2728161E0077167B /* CallerDataTests */,
				2696E5962706EC510011337E /* Products */,
				568ED486A4AE36EF6BDEF58A /* Pods */,
				0DB0754D024C49CB2EE3E6C2 /* Frameworks */,
			);
			sourceTree = "<group>";
		};
		2696E5962706EC510011337E /* Products */ = {
			isa = PBXGroup;
			children = (
				2696E5952706EC510011337E /* Coverage-call-blocker.app */,
				2627088E2726C9A800B270DC /* Coverage-call-blockerExtension.appex */,
				26CDA9AB2728161D0077167B /* CallerData.framework */,
			);
			name = Products;
			sourceTree = "<group>";
		};
		2696E5972706EC510011337E /* Coverage-call-blocker */ = {
			isa = PBXGroup;
			children = (
				26EC301E27282B7500524601 /* Coverage-call-blocker.entitlements */,
				265BA358272197E70016ACE4 /* Coverage-call-blockerRelease.entitlements */,
				2657958727106DC100CB31B9 /* Fonts */,
				2696E5B62706ED820011337E /* Library */,
				2696E5B52706ED6D0011337E /* View Controller */,
				2696E5B32706ED560011337E /* Cell */,
				2696E5B22706ED360011337E /* Model */,
				2696E5B12706ED2A0011337E /* Service */,
				2696E5AF2706ED030011337E /* Manager */,
				2696E5982706EC510011337E /* AppDelegate.swift */,
				2696E59A2706EC510011337E /* SceneDelegate.swift */,
				2696E59C2706EC510011337E /* ViewController.swift */,
				2696E59E2706EC510011337E /* Main.storyboard */,
				2696E5A42706EC540011337E /* Assets.xcassets */,
				2696E5A62706EC540011337E /* LaunchScreen.storyboard */,
				2696E5A92706EC540011337E /* Info.plist */,
				2676B811274CBB9900185C07 /* GoogleService-Info.plist */,
				26026F8927E30B3C001BE64F /* GoogleService-Info_old.plist */,
			);
			path = "Coverage-call-blocker";
			sourceTree = "<group>";
		};
		2696E5AF2706ED030011337E /* Manager */ = {
			isa = PBXGroup;
			children = (
				2696E5D42706F52A0011337E /* APIManager.swift */,
				267F409B272BDBD9008B1B88 /* InAppPurchaseManager.swift */,
			);
			path = Manager;
			sourceTree = "<group>";
		};
		2696E5B12706ED2A0011337E /* Service */ = {
			isa = PBXGroup;
			children = (
				2696E5DC2706F5720011337E /* LoginService.swift */,
				261B8279271199C8006E796B /* ServeyServices.swift */,
				26026F8B27E31D9E001BE64F /* SubscriptionServices.swift */,
			);
			path = Service;
			sourceTree = "<group>";
		};
		2696E5B22706ED360011337E /* Model */ = {
			isa = PBXGroup;
			children = (
				2696E5D62706F55E0011337E /* RequestModel.swift */,
				2696E5D72706F55E0011337E /* Response.swift */,
				2696E5D82706F55E0011337E /* ResponseModel.swift */,
			);
			path = Model;
			sourceTree = "<group>";
		};
		2696E5B32706ED560011337E /* Cell */ = {
			isa = PBXGroup;
			children = (
				261B8271271161BC006E796B /* QuestionTableViewCell.swift */,
				261B8272271161BC006E796B /* QuestionTableViewCell.xib */,
				261B827527116BA5006E796B /* InAppPurchaseCollectionViewCell.swift */,
				261B827627116BA5006E796B /* InAppPurchaseCollectionViewCell.xib */,
				266ECD162720450F0097E6A5 /* ContactTableViewCell.swift */,
				266ECD172720450F0097E6A5 /* ContactTableViewCell.xib */,
			);
			path = Cell;
			sourceTree = "<group>";
		};
		2696E5B52706ED6D0011337E /* View Controller */ = {
			isa = PBXGroup;
			children = (
				26118F7327102D6400B7165A /* InAppPurchase */,
				26E0B46E270C34E000085C47 /* Menu */,
				26E0B46D270C34D700085C47 /* Home */,
				267AE187270AE1BA0012FCE0 /* Survey */,
				2696E5CD2706F0370011337E /* Login */,
			);
			path = "View Controller";
			sourceTree = "<group>";
		};
		2696E5B62706ED820011337E /* Library */ = {
			isa = PBXGroup;
			children = (
				2604ECF927E9930F00441A9D /* CustomAlert */,
				2696E5C02706EF310011337E /* Constant.swift */,
				2696E5BA2706EF310011337E /* Dir.swift */,
				2696E5B82706EF310011337E /* Extension.swift */,
				2696E5BB2706EF310011337E /* ExtensionClass.swift */,
				2696E5B92706EF310011337E /* File.swift */,
				2696E5BF2706EF310011337E /* ImagePicker.swift */,
				2696E5B72706EF310011337E /* LightCompressor.swift */,
				2696E5BE2706EF310011337E /* Rachability */,
				2696E5BD2706EF310011337E /* SwiftLoader */,
				2696E5C12706EF310011337E /* Toast.swift */,
				2696E5BC2706EF310011337E /* Utility.swift */,
				26C41E5C271834B900EF345F /* States.json */,
				26C41E5E27183BA000EF345F /* IndustryGroups.json */,
				2627483227ABB160001D3544 /* AllContacts.json */,
				26F7B14727E1B67E00B2C5E5 /* AllContactsLaks.json */,
			);
			path = Library;
			sourceTree = "<group>";
		};
		2696E5CD2706F0370011337E /* Login */ = {
			isa = PBXGroup;
			children = (
				2696E5CE2706F0530011337E /* Login.storyboard */,
				2696E5D22706F0C70011337E /* LoginScreen.swift */,
				26F7E61327073E1B0094E3BA /* MobileScreen.swift */,
				26F7E61527073E3E0094E3BA /* VerifyScreen.swift */,
				267AE18A270AFE940012FCE0 /* SignupCompleteScreen.swift */,
			);
			path = Login;
			sourceTree = "<group>";
		};
		26CDA9AC2728161D0077167B /* CallerData */ = {
			isa = PBXGroup;
			children = (
				26CDA9AD2728161D0077167B /* CallerData.h */,
				26CDA9C8272816500077167B /* CallerData.swift */,
				2696E5A12706EC510011337E /* Coverage_call_blocker.xcdatamodeld */,
				26CDA9AE2728161D0077167B /* CallerData.docc */,
			);
			path = CallerData;
			sourceTree = "<group>";
		};
		26CDA9BA2728161E0077167B /* CallerDataTests */ = {
			isa = PBXGroup;
			children = (
				26CDA9BB2728161E0077167B /* CallerDataTests.swift */,
			);
			path = CallerDataTests;
			sourceTree = "<group>";
		};
		26E0B46D270C34D700085C47 /* Home */ = {
			isa = PBXGroup;
			children = (
				26E0B46F270C34F700085C47 /* Home.storyboard */,
				2634DE46270F229F00F3C56B /* HomeScreen.swift */,
			);
			path = Home;
			sourceTree = "<group>";
		};
		26E0B46E270C34E000085C47 /* Menu */ = {
			isa = PBXGroup;
			children = (
				26E0B473270C35DA00085C47 /* Menu.storyboard */,
				26E0B475270C35EB00085C47 /* MenuScreen.swift */,
				266ECD102720421F0097E6A5 /* WhitelistNumberScreen.swift */,
				266ECD12272042340097E6A5 /* BlacklistNumberScreen.swift */,
				26A8BA79272964F7004E71F3 /* ContactsScreen.swift */,
				26AB28C427393AC5000D6532 /* AddNumberScreen.swift */,
				266ECD14272042490097E6A5 /* SettingScreen.swift */,
			);
			path = Menu;
			sourceTree = "<group>";
		};
		568ED486A4AE36EF6BDEF58A /* Pods */ = {
			isa = PBXGroup;
			children = (
				37DF8F67479F0300A9C23746 /* Pods-Coverage-call-blocker.debug.xcconfig */,
				5079697AA893EC54F3F792BA /* Pods-Coverage-call-blocker.release.xcconfig */,
			);
			path = Pods;
			sourceTree = "<group>";
		};
/* End PBXGroup section */

/* Begin PBXHeadersBuildPhase section */
		26CDA9A62728161D0077167B /* Headers */ = {
			isa = PBXHeadersBuildPhase;
			buildActionMask = 2147483647;
			files = (
				26CDA9BD2728161E0077167B /* CallerData.h in Headers */,
			);
			runOnlyForDeploymentPostprocessing = 0;
		};
/* End PBXHeadersBuildPhase section */

/* Begin PBXNativeTarget section */
		2627088D2726C9A800B270DC /* Coverage-call-blockerExtension */ = {
			isa = PBXNativeTarget;
			buildConfigurationList = 262708962726C9A800B270DC /* Build configuration list for PBXNativeTarget "Coverage-call-blockerExtension" */;
			buildPhases = (
				2627088A2726C9A800B270DC /* Sources */,
				2627088B2726C9A800B270DC /* Frameworks */,
				2627088C2726C9A800B270DC /* Resources */,
				26CDA9822727E1530077167B /* Embed Frameworks */,
			);
			buildRules = (
			);
			dependencies = (
				26CDA9CE2728179E0077167B /* PBXTargetDependency */,
			);
			name = "Coverage-call-blockerExtension";
			productName = "Coverage-call-blockerExtension";
			productReference = 2627088E2726C9A800B270DC /* Coverage-call-blockerExtension.appex */;
			productType = "com.apple.product-type.app-extension";
		};
		2696E5942706EC510011337E /* Coverage-call-blocker */ = {
			isa = PBXNativeTarget;
			buildConfigurationList = 2696E5AC2706EC540011337E /* Build configuration list for PBXNativeTarget "Coverage-call-blocker" */;
			buildPhases = (
				EBF4F7879EF8042744454A43 /* [CP] Check Pods Manifest.lock */,
				2696E5912706EC510011337E /* Sources */,
				2696E5922706EC510011337E /* Frameworks */,
				2696E5932706EC510011337E /* Resources */,
				7A9DAFF68DA787D637723CDA /* [CP] Embed Pods Frameworks */,
				268D86E52726BDFB00D983A4 /* Embed App Extensions */,
				2627082B2726C49C00B270DC /* Embed Frameworks */,
				263721B927C6411D002EE2A9 /* ShellScript */,
			);
			buildRules = (
			);
			dependencies = (
				262708942726C9A800B270DC /* PBXTargetDependency */,
				26CDA9BF2728161E0077167B /* PBXTargetDependency */,
			);
			name = "Coverage-call-blocker";
			productName = "Coverage-call-blocker";
			productReference = 2696E5952706EC510011337E /* Coverage-call-blocker.app */;
			productType = "com.apple.product-type.application";
		};
		26CDA9AA2728161D0077167B /* CallerData */ = {
			isa = PBXNativeTarget;
			buildConfigurationList = 26CDA9C22728161E0077167B /* Build configuration list for PBXNativeTarget "CallerData" */;
			buildPhases = (
				26CDA9A62728161D0077167B /* Headers */,
				26CDA9A72728161D0077167B /* Sources */,
				26CDA9A82728161D0077167B /* Frameworks */,
				26CDA9A92728161D0077167B /* Resources */,
			);
			buildRules = (
			);
			dependencies = (
			);
			name = CallerData;
			productName = CallerData;
			productReference = 26CDA9AB2728161D0077167B /* CallerData.framework */;
			productType = "com.apple.product-type.framework";
		};
/* End PBXNativeTarget section */

/* Begin PBXProject section */
		2696E58D2706EC510011337E /* Project object */ = {
			isa = PBXProject;
			attributes = {
				BuildIndependentTargetsInParallel = 1;
				LastSwiftUpdateCheck = 1300;
				LastUpgradeCheck = 1300;
				TargetAttributes = {
					2627088D2726C9A800B270DC = {
						CreatedOnToolsVersion = 13.0;
					};
					2696E5942706EC510011337E = {
						CreatedOnToolsVersion = 13.0;
					};
					26CDA9AA2728161D0077167B = {
						CreatedOnToolsVersion = 13.0;
					};
				};
			};
			buildConfigurationList = 2696E5902706EC510011337E /* Build configuration list for PBXProject "Coverage-call-blocker" */;
			compatibilityVersion = "Xcode 13.0";
			developmentRegion = en;
			hasScannedForEncodings = 0;
			knownRegions = (
				en,
				Base,
			);
			mainGroup = 2696E58C2706EC510011337E;
			productRefGroup = 2696E5962706EC510011337E /* Products */;
			projectDirPath = "";
			projectRoot = "";
			targets = (
				2696E5942706EC510011337E /* Coverage-call-blocker */,
				26CDA9AA2728161D0077167B /* CallerData */,
				2627088D2726C9A800B270DC /* Coverage-call-blockerExtension */,
			);
		};
/* End PBXProject section */

/* Begin PBXResourcesBuildPhase section */
		2627088C2726C9A800B270DC /* Resources */ = {
			isa = PBXResourcesBuildPhase;
			buildActionMask = 2147483647;
			files = (
			);
			runOnlyForDeploymentPostprocessing = 0;
		};
		2696E5932706EC510011337E /* Resources */ = {
			isa = PBXResourcesBuildPhase;
			buildActionMask = 2147483647;
			files = (
				2657959027106E5000CB31B9 /* Roboto-Bold.ttf in Resources */,
				2657959127106E5000CB31B9 /* Roboto-Regular.ttf in Resources */,
				2657959227106E5000CB31B9 /* Roboto-Light.ttf in Resources */,
				261B8274271161BC006E796B /* QuestionTableViewCell.xib in Resources */,
				2604ED0027E9930F00441A9D /* CommonAlertVC.xib in Resources */,
				2657959327106E5000CB31B9 /* Roboto-Medium.ttf in Resources */,
				2696E5A82706EC540011337E /* LaunchScreen.storyboard in Resources */,
				2696E5C92706EF320011337E /* Rachability in Resources */,
				26026F8A27E30B3D001BE64F /* GoogleService-Info_old.plist in Resources */,
				26F7B14827E1B67E00B2C5E5 /* AllContactsLaks.json in Resources */,
				26118F7527102D8F00B7165A /* InAppPurchase.storyboard in Resources */,
				26E0B474270C35DA00085C47 /* Menu.storyboard in Resources */,
				26E0B470270C34F700085C47 /* Home.storyboard in Resources */,
				2696E5CF2706F0530011337E /* Login.storyboard in Resources */,
				2696E5A52706EC540011337E /* Assets.xcassets in Resources */,
				26C41E5D271834B900EF345F /* States.json in Resources */,
				2627483327ABB160001D3544 /* AllContacts.json in Resources */,
				267AE189270AE1D80012FCE0 /* Survey.storyboard in Resources */,
				266ECD192720450F0097E6A5 /* ContactTableViewCell.xib in Resources */,
				2696E5A02706EC510011337E /* Main.storyboard in Resources */,
				26C41E5F27183BA000EF345F /* IndustryGroups.json in Resources */,
				2676B812274CBB9900185C07 /* GoogleService-Info.plist in Resources */,
				261B827827116BA5006E796B /* InAppPurchaseCollectionViewCell.xib in Resources */,
				2696E5C82706EF320011337E /* SwiftLoader in Resources */,
			);
			runOnlyForDeploymentPostprocessing = 0;
		};
		26CDA9A92728161D0077167B /* Resources */ = {
			isa = PBXResourcesBuildPhase;
			buildActionMask = 2147483647;
			files = (
			);
			runOnlyForDeploymentPostprocessing = 0;
		};
/* End PBXResourcesBuildPhase section */

/* Begin PBXShellScriptBuildPhase section */
		263721B927C6411D002EE2A9 /* ShellScript */ = {
			isa = PBXShellScriptBuildPhase;
			buildActionMask = 2147483647;
			files = (
			);
			inputFileListPaths = (
			);
			inputPaths = (
				"${DWARF_DSYM_FOLDER_PATH}/${DWARF_DSYM_FILE_NAME}/Contents/Resources/DWARF/${TARGET_NAME}",
				"$(SRCROOT)/$(BUILT_PRODUCTS_DIR)/$(INFOPLIST_PATH)",
			);
			outputFileListPaths = (
			);
			outputPaths = (
			);
			runOnlyForDeploymentPostprocessing = 0;
			shellPath = /bin/sh;
			shellScript = "\"${PODS_ROOT}/FirebaseCrashlytics/run\"\n";
		};
		7A9DAFF68DA787D637723CDA /* [CP] Embed Pods Frameworks */ = {
			isa = PBXShellScriptBuildPhase;
			buildActionMask = 2147483647;
			files = (
			);
			inputFileListPaths = (
				"${PODS_ROOT}/Target Support Files/Pods-Coverage-call-blocker/Pods-Coverage-call-blocker-frameworks-${CONFIGURATION}-input-files.xcfilelist",
			);
			name = "[CP] Embed Pods Frameworks";
			outputFileListPaths = (
				"${PODS_ROOT}/Target Support Files/Pods-Coverage-call-blocker/Pods-Coverage-call-blocker-frameworks-${CONFIGURATION}-output-files.xcfilelist",
			);
			runOnlyForDeploymentPostprocessing = 0;
			shellPath = /bin/sh;
			shellScript = "\"${PODS_ROOT}/Target Support Files/Pods-Coverage-call-blocker/Pods-Coverage-call-blocker-frameworks.sh\"\n";
			showEnvVarsInLog = 0;
		};
		EBF4F7879EF8042744454A43 /* [CP] Check Pods Manifest.lock */ = {
			isa = PBXShellScriptBuildPhase;
			buildActionMask = 2147483647;
			files = (
			);
			inputFileListPaths = (
			);
			inputPaths = (
				"${PODS_PODFILE_DIR_PATH}/Podfile.lock",
				"${PODS_ROOT}/Manifest.lock",
			);
			name = "[CP] Check Pods Manifest.lock";
			outputFileListPaths = (
			);
			outputPaths = (
				"$(DERIVED_FILE_DIR)/Pods-Coverage-call-blocker-checkManifestLockResult.txt",
			);
			runOnlyForDeploymentPostprocessing = 0;
			shellPath = /bin/sh;
			shellScript = "diff \"${PODS_PODFILE_DIR_PATH}/Podfile.lock\" \"${PODS_ROOT}/Manifest.lock\" > /dev/null\nif [ $? != 0 ] ; then\n    # print error to STDERR\n    echo \"error: The sandbox is not in sync with the Podfile.lock. Run 'pod install' or update your CocoaPods installation.\" >&2\n    exit 1\nfi\n# This output is used by Xcode 'outputs' to avoid re-running this script phase.\necho \"SUCCESS\" > \"${SCRIPT_OUTPUT_FILE_0}\"\n";
			showEnvVarsInLog = 0;
		};
/* End PBXShellScriptBuildPhase section */

/* Begin PBXSourcesBuildPhase section */
		2627088A2726C9A800B270DC /* Sources */ = {
			isa = PBXSourcesBuildPhase;
			buildActionMask = 2147483647;
			files = (
				262708912726C9A800B270DC /* CallDirectoryHandler.swift in Sources */,
			);
			runOnlyForDeploymentPostprocessing = 0;
		};
		2696E5912706EC510011337E /* Sources */ = {
			isa = PBXSourcesBuildPhase;
			buildActionMask = 2147483647;
			files = (
				2696E5DD2706F5720011337E /* LoginService.swift in Sources */,
				2696E5CC2706EF320011337E /* Toast.swift in Sources */,
				26118F7D27102DF300B7165A /* Question3Screen.swift in Sources */,
				26118F7B27102DE400B7165A /* Question2Screen.swift in Sources */,
				26026F8C27E31D9E001BE64F /* SubscriptionServices.swift in Sources */,
				2696E5C72706EF320011337E /* Utility.swift in Sources */,
				2604ED0127E9930F00441A9D /* ExtensionUIViewController.swift in Sources */,
				2696E59D2706EC510011337E /* ViewController.swift in Sources */,
				2696E5DA2706F55E0011337E /* Response.swift in Sources */,
				26E0B476270C35EB00085C47 /* MenuScreen.swift in Sources */,
				2696E5992706EC510011337E /* AppDelegate.swift in Sources */,
				2696E5C42706EF320011337E /* File.swift in Sources */,
				266ECD152720424A0097E6A5 /* SettingScreen.swift in Sources */,
				2696E5C52706EF320011337E /* Dir.swift in Sources */,
				261B827727116BA5006E796B /* InAppPurchaseCollectionViewCell.swift in Sources */,
				26118F7927102DD400B7165A /* Question1Screen.swift in Sources */,
				267AE18B270AFE940012FCE0 /* SignupCompleteScreen.swift in Sources */,
				2634DE47270F229F00F3C56B /* HomeScreen.swift in Sources */,
				26AB28C527393AC6000D6532 /* AddNumberScreen.swift in Sources */,
				26F7E61427073E1B0094E3BA /* MobileScreen.swift in Sources */,
				261B827A271199C8006E796B /* ServeyServices.swift in Sources */,
				26A8BA7A272964F8004E71F3 /* ContactsScreen.swift in Sources */,
				266ECD13272042340097E6A5 /* BlacklistNumberScreen.swift in Sources */,
				26F7E61627073E3E0094E3BA /* VerifyScreen.swift in Sources */,
				2696E5D92706F55E0011337E /* RequestModel.swift in Sources */,
				2696E5C32706EF320011337E /* Extension.swift in Sources */,
				2696E5DB2706F55E0011337E /* ResponseModel.swift in Sources */,
				266ECD182720450F0097E6A5 /* ContactTableViewCell.swift in Sources */,
				26118F7727102DA400B7165A /* InAppPurchaseScreen.swift in Sources */,
				261B8273271161BC006E796B /* QuestionTableViewCell.swift in Sources */,
				2696E5CA2706EF320011337E /* ImagePicker.swift in Sources */,
				2604ECFE27E9930F00441A9D /* UIViewExtension.swift in Sources */,
				266ECD112720421F0097E6A5 /* WhitelistNumberScreen.swift in Sources */,
				267AE186270AE1A50012FCE0 /* SurveyScreen.swift in Sources */,
				2696E5C62706EF320011337E /* ExtensionClass.swift in Sources */,
				2696E5C22706EF310011337E /* LightCompressor.swift in Sources */,
				2604ECFF27E9930F00441A9D /* CommonAlertVC.swift in Sources */,
				2696E5D32706F0C70011337E /* LoginScreen.swift in Sources */,
				2696E5D52706F52A0011337E /* APIManager.swift in Sources */,
				2696E59B2706EC510011337E /* SceneDelegate.swift in Sources */,
				2696E5CB2706EF320011337E /* Constant.swift in Sources */,
				267F409C272BDBD9008B1B88 /* InAppPurchaseManager.swift in Sources */,
			);
			runOnlyForDeploymentPostprocessing = 0;
		};
		26CDA9A72728161D0077167B /* Sources */ = {
			isa = PBXSourcesBuildPhase;
			buildActionMask = 2147483647;
			files = (
				26CDA9D027281FCA0077167B /* CallerData.swift in Sources */,
				2682953D272A891300FC069E /* Coverage_call_blocker.xcdatamodeld in Sources */,
				26CDA9AF2728161E0077167B /* CallerData.docc in Sources */,
			);
			runOnlyForDeploymentPostprocessing = 0;
		};
/* End PBXSourcesBuildPhase section */

/* Begin PBXTargetDependency section */
		262708942726C9A800B270DC /* PBXTargetDependency */ = {
			isa = PBXTargetDependency;
			target = 2627088D2726C9A800B270DC /* Coverage-call-blockerExtension */;
			targetProxy = 262708932726C9A800B270DC /* PBXContainerItemProxy */;
		};
		26CDA9BF2728161E0077167B /* PBXTargetDependency */ = {
			isa = PBXTargetDependency;
			target = 26CDA9AA2728161D0077167B /* CallerData */;
			targetProxy = 26CDA9BE2728161E0077167B /* PBXContainerItemProxy */;
		};
		26CDA9CE2728179E0077167B /* PBXTargetDependency */ = {
			isa = PBXTargetDependency;
			target = 26CDA9AA2728161D0077167B /* CallerData */;
			targetProxy = 26CDA9CD2728179E0077167B /* PBXContainerItemProxy */;
		};
/* End PBXTargetDependency section */

/* Begin PBXVariantGroup section */
		2696E59E2706EC510011337E /* Main.storyboard */ = {
			isa = PBXVariantGroup;
			children = (
				2696E59F2706EC510011337E /* Base */,
			);
			name = Main.storyboard;
			sourceTree = "<group>";
		};
		2696E5A62706EC540011337E /* LaunchScreen.storyboard */ = {
			isa = PBXVariantGroup;
			children = (
				2696E5A72706EC540011337E /* Base */,
			);
			name = LaunchScreen.storyboard;
			sourceTree = "<group>";
		};
/* End PBXVariantGroup section */

/* Begin XCBuildConfiguration section */
		262708972726C9A800B270DC /* Debug */ = {
			isa = XCBuildConfiguration;
			buildSettings = {
				ARCHS = "$(ARCHS_STANDARD_64_BIT)";
				CODE_SIGN_ENTITLEMENTS = "Coverage-call-blockerExtension/Coverage-call-blockerExtension.entitlements";
				CODE_SIGN_IDENTITY = "Apple Development";
				CODE_SIGN_STYLE = Automatic;
				CURRENT_PROJECT_VERSION = 1;
				DEVELOPMENT_TEAM = 8Q43UFX7HK;
				GENERATE_INFOPLIST_FILE = YES;
				INFOPLIST_FILE = "Coverage-call-blockerExtension/Info.plist";
				INFOPLIST_KEY_CFBundleDisplayName = "Coverage-call-blockerExtension";
				INFOPLIST_KEY_NSHumanReadableCopyright = "";
				IPHONEOS_DEPLOYMENT_TARGET = 13.0;
				LD_RUNPATH_SEARCH_PATHS = (
					"$(inherited)",
					"@executable_path/Frameworks",
					"@executable_path/../../Frameworks",
				);
				MARKETING_VERSION = 1.0;
				PRODUCT_BUNDLE_IDENTIFIER = com.coveragecallblocker.mobile.app.extension;
				PRODUCT_NAME = "$(TARGET_NAME)";
				PROVISIONING_PROFILE_SPECIFIER = "";
				SKIP_INSTALL = YES;
				SWIFT_EMIT_LOC_STRINGS = YES;
				SWIFT_VERSION = 5.0;
				TARGETED_DEVICE_FAMILY = "1,2";
			};
			name = Debug;
		};
		262708982726C9A800B270DC /* Release */ = {
			isa = XCBuildConfiguration;
			buildSettings = {
				ARCHS = "$(ARCHS_STANDARD_64_BIT)";
				CODE_SIGN_ENTITLEMENTS = "Coverage-call-blockerExtension/Coverage-call-blockerExtensionRelease.entitlements";
				CODE_SIGN_IDENTITY = "Apple Development";
				CODE_SIGN_STYLE = Automatic;
				CURRENT_PROJECT_VERSION = 1;
				DEVELOPMENT_TEAM = 8Q43UFX7HK;
				GENERATE_INFOPLIST_FILE = YES;
				INFOPLIST_FILE = "Coverage-call-blockerExtension/Info.plist";
				INFOPLIST_KEY_CFBundleDisplayName = "Coverage-call-blockerExtension";
				INFOPLIST_KEY_NSHumanReadableCopyright = "";
				IPHONEOS_DEPLOYMENT_TARGET = 13.0;
				LD_RUNPATH_SEARCH_PATHS = (
					"$(inherited)",
					"@executable_path/Frameworks",
					"@executable_path/../../Frameworks",
				);
				MARKETING_VERSION = 1.0;
				PRODUCT_BUNDLE_IDENTIFIER = com.coveragecallblocker.mobile.app.extension;
				PRODUCT_NAME = "$(TARGET_NAME)";
				PROVISIONING_PROFILE_SPECIFIER = "";
				SKIP_INSTALL = YES;
				SWIFT_EMIT_LOC_STRINGS = YES;
				SWIFT_VERSION = 5.0;
				TARGETED_DEVICE_FAMILY = "1,2";
			};
			name = Release;
		};
		2696E5AA2706EC540011337E /* Debug */ = {
			isa = XCBuildConfiguration;
			buildSettings = {
				ALWAYS_SEARCH_USER_PATHS = NO;
				CLANG_ANALYZER_NONNULL = YES;
				CLANG_ANALYZER_NUMBER_OBJECT_CONVERSION = YES_AGGRESSIVE;
				CLANG_CXX_LANGUAGE_STANDARD = "gnu++17";
				CLANG_CXX_LIBRARY = "libc++";
				CLANG_ENABLE_MODULES = YES;
				CLANG_ENABLE_OBJC_ARC = YES;
				CLANG_ENABLE_OBJC_WEAK = YES;
				CLANG_WARN_BLOCK_CAPTURE_AUTORELEASING = YES;
				CLANG_WARN_BOOL_CONVERSION = YES;
				CLANG_WARN_COMMA = YES;
				CLANG_WARN_CONSTANT_CONVERSION = YES;
				CLANG_WARN_DEPRECATED_OBJC_IMPLEMENTATIONS = YES;
				CLANG_WARN_DIRECT_OBJC_ISA_USAGE = YES_ERROR;
				CLANG_WARN_DOCUMENTATION_COMMENTS = YES;
				CLANG_WARN_EMPTY_BODY = YES;
				CLANG_WARN_ENUM_CONVERSION = YES;
				CLANG_WARN_INFINITE_RECURSION = YES;
				CLANG_WARN_INT_CONVERSION = YES;
				CLANG_WARN_NON_LITERAL_NULL_CONVERSION = YES;
				CLANG_WARN_OBJC_IMPLICIT_RETAIN_SELF = YES;
				CLANG_WARN_OBJC_LITERAL_CONVERSION = YES;
				CLANG_WARN_OBJC_ROOT_CLASS = YES_ERROR;
				CLANG_WARN_QUOTED_INCLUDE_IN_FRAMEWORK_HEADER = YES;
				CLANG_WARN_RANGE_LOOP_ANALYSIS = YES;
				CLANG_WARN_STRICT_PROTOTYPES = YES;
				CLANG_WARN_SUSPICIOUS_MOVE = YES;
				CLANG_WARN_UNGUARDED_AVAILABILITY = YES_AGGRESSIVE;
				CLANG_WARN_UNREACHABLE_CODE = YES;
				CLANG_WARN__DUPLICATE_METHOD_MATCH = YES;
				COPY_PHASE_STRIP = NO;
				DEBUG_INFORMATION_FORMAT = dwarf;
				ENABLE_STRICT_OBJC_MSGSEND = YES;
				ENABLE_TESTABILITY = YES;
				GCC_C_LANGUAGE_STANDARD = gnu11;
				GCC_DYNAMIC_NO_PIC = NO;
				GCC_NO_COMMON_BLOCKS = YES;
				GCC_OPTIMIZATION_LEVEL = 0;
				GCC_PREPROCESSOR_DEFINITIONS = (
					"DEBUG=1",
					"$(inherited)",
				);
				GCC_WARN_64_TO_32_BIT_CONVERSION = YES;
				GCC_WARN_ABOUT_RETURN_TYPE = YES_ERROR;
				GCC_WARN_UNDECLARED_SELECTOR = YES;
				GCC_WARN_UNINITIALIZED_AUTOS = YES_AGGRESSIVE;
				GCC_WARN_UNUSED_FUNCTION = YES;
				GCC_WARN_UNUSED_VARIABLE = YES;
				IPHONEOS_DEPLOYMENT_TARGET = 15.0;
				MTL_ENABLE_DEBUG_INFO = INCLUDE_SOURCE;
				MTL_FAST_MATH = YES;
				ONLY_ACTIVE_ARCH = YES;
				SDKROOT = iphoneos;
				SWIFT_ACTIVE_COMPILATION_CONDITIONS = DEBUG;
				SWIFT_OPTIMIZATION_LEVEL = "-Onone";
			};
			name = Debug;
		};
		2696E5AB2706EC540011337E /* Release */ = {
			isa = XCBuildConfiguration;
			buildSettings = {
				ALWAYS_SEARCH_USER_PATHS = NO;
				CLANG_ANALYZER_NONNULL = YES;
				CLANG_ANALYZER_NUMBER_OBJECT_CONVERSION = YES_AGGRESSIVE;
				CLANG_CXX_LANGUAGE_STANDARD = "gnu++17";
				CLANG_CXX_LIBRARY = "libc++";
				CLANG_ENABLE_MODULES = YES;
				CLANG_ENABLE_OBJC_ARC = YES;
				CLANG_ENABLE_OBJC_WEAK = YES;
				CLANG_WARN_BLOCK_CAPTURE_AUTORELEASING = YES;
				CLANG_WARN_BOOL_CONVERSION = YES;
				CLANG_WARN_COMMA = YES;
				CLANG_WARN_CONSTANT_CONVERSION = YES;
				CLANG_WARN_DEPRECATED_OBJC_IMPLEMENTATIONS = YES;
				CLANG_WARN_DIRECT_OBJC_ISA_USAGE = YES_ERROR;
				CLANG_WARN_DOCUMENTATION_COMMENTS = YES;
				CLANG_WARN_EMPTY_BODY = YES;
				CLANG_WARN_ENUM_CONVERSION = YES;
				CLANG_WARN_INFINITE_RECURSION = YES;
				CLANG_WARN_INT_CONVERSION = YES;
				CLANG_WARN_NON_LITERAL_NULL_CONVERSION = YES;
				CLANG_WARN_OBJC_IMPLICIT_RETAIN_SELF = YES;
				CLANG_WARN_OBJC_LITERAL_CONVERSION = YES;
				CLANG_WARN_OBJC_ROOT_CLASS = YES_ERROR;
				CLANG_WARN_QUOTED_INCLUDE_IN_FRAMEWORK_HEADER = YES;
				CLANG_WARN_RANGE_LOOP_ANALYSIS = YES;
				CLANG_WARN_STRICT_PROTOTYPES = YES;
				CLANG_WARN_SUSPICIOUS_MOVE = YES;
				CLANG_WARN_UNGUARDED_AVAILABILITY = YES_AGGRESSIVE;
				CLANG_WARN_UNREACHABLE_CODE = YES;
				CLANG_WARN__DUPLICATE_METHOD_MATCH = YES;
				COPY_PHASE_STRIP = NO;
				DEBUG_INFORMATION_FORMAT = "dwarf-with-dsym";
				ENABLE_NS_ASSERTIONS = NO;
				ENABLE_STRICT_OBJC_MSGSEND = YES;
				GCC_C_LANGUAGE_STANDARD = gnu11;
				GCC_NO_COMMON_BLOCKS = YES;
				GCC_WARN_64_TO_32_BIT_CONVERSION = YES;
				GCC_WARN_ABOUT_RETURN_TYPE = YES_ERROR;
				GCC_WARN_UNDECLARED_SELECTOR = YES;
				GCC_WARN_UNINITIALIZED_AUTOS = YES_AGGRESSIVE;
				GCC_WARN_UNUSED_FUNCTION = YES;
				GCC_WARN_UNUSED_VARIABLE = YES;
				IPHONEOS_DEPLOYMENT_TARGET = 15.0;
				MTL_ENABLE_DEBUG_INFO = NO;
				MTL_FAST_MATH = YES;
				SDKROOT = iphoneos;
				SWIFT_COMPILATION_MODE = wholemodule;
				SWIFT_OPTIMIZATION_LEVEL = "-O";
				VALIDATE_PRODUCT = YES;
			};
			name = Release;
		};
		2696E5AD2706EC540011337E /* Debug */ = {
			isa = XCBuildConfiguration;
			baseConfigurationReference = 37DF8F67479F0300A9C23746 /* Pods-Coverage-call-blocker.debug.xcconfig */;
			buildSettings = {
				ALWAYS_EMBED_SWIFT_STANDARD_LIBRARIES = YES;
				ASSETCATALOG_COMPILER_APPICON_NAME = AppIcon;
				ASSETCATALOG_COMPILER_GLOBAL_ACCENT_COLOR_NAME = AccentColor;
				CODE_SIGN_ENTITLEMENTS = "Coverage-call-blocker/Coverage-call-blocker.entitlements";
				CODE_SIGN_IDENTITY = "Apple Development";
				CODE_SIGN_STYLE = Automatic;
				CURRENT_PROJECT_VERSION = 1;
				DEBUG_INFORMATION_FORMAT = "dwarf-with-dsym";
				DEVELOPMENT_TEAM = 8Q43UFX7HK;
				GENERATE_INFOPLIST_FILE = YES;
				INFOPLIST_FILE = "Coverage-call-blocker/Info.plist";
				INFOPLIST_KEY_NSContactsUsageDescription = "Please allow contacts for block and unblock number.";
				INFOPLIST_KEY_UIApplicationSupportsIndirectInputEvents = YES;
				INFOPLIST_KEY_UILaunchStoryboardName = LaunchScreen;
				INFOPLIST_KEY_UIMainStoryboardFile = Main;
				INFOPLIST_KEY_UIStatusBarHidden = NO;
				INFOPLIST_KEY_UISupportedInterfaceOrientations = UIInterfaceOrientationPortrait;
				INFOPLIST_KEY_UISupportedInterfaceOrientations_iPad = "UIInterfaceOrientationPortrait UIInterfaceOrientationPortraitUpsideDown UIInterfaceOrientationLandscapeLeft UIInterfaceOrientationLandscapeRight";
				INFOPLIST_KEY_UISupportedInterfaceOrientations_iPhone = UIInterfaceOrientationPortrait;
				INFOPLIST_KEY_UIUserInterfaceStyle = Light;
				IPHONEOS_DEPLOYMENT_TARGET = 13.0;
				LD_RUNPATH_SEARCH_PATHS = (
					"$(inherited)",
					"@executable_path/Frameworks",
				);
				MARKETING_VERSION = 1.0.0;
				PRODUCT_BUNDLE_IDENTIFIER = com.coveragecallblocker.mobile.app;
				PRODUCT_NAME = "$(TARGET_NAME)";
				PROVISIONING_PROFILE_SPECIFIER = "";
				SWIFT_EMIT_LOC_STRINGS = YES;
				SWIFT_VERSION = 5.0;
				TARGETED_DEVICE_FAMILY = 1;
			};
			name = Debug;
		};
		2696E5AE2706EC540011337E /* Release */ = {
			isa = XCBuildConfiguration;
			baseConfigurationReference = 5079697AA893EC54F3F792BA /* Pods-Coverage-call-blocker.release.xcconfig */;
			buildSettings = {
				ALWAYS_EMBED_SWIFT_STANDARD_LIBRARIES = YES;
				ASSETCATALOG_COMPILER_APPICON_NAME = AppIcon;
				ASSETCATALOG_COMPILER_GLOBAL_ACCENT_COLOR_NAME = AccentColor;
				CODE_SIGN_ENTITLEMENTS = "Coverage-call-blocker/Coverage-call-blockerRelease.entitlements";
				CODE_SIGN_IDENTITY = "Apple Development";
				CODE_SIGN_STYLE = Automatic;
				CURRENT_PROJECT_VERSION = 1;
				DEVELOPMENT_TEAM = 8Q43UFX7HK;
				GENERATE_INFOPLIST_FILE = YES;
				INFOPLIST_FILE = "Coverage-call-blocker/Info.plist";
				INFOPLIST_KEY_NSContactsUsageDescription = "Please allow contacts for block and unblock number.";
				INFOPLIST_KEY_UIApplicationSupportsIndirectInputEvents = YES;
				INFOPLIST_KEY_UILaunchStoryboardName = LaunchScreen;
				INFOPLIST_KEY_UIMainStoryboardFile = Main;
				INFOPLIST_KEY_UIStatusBarHidden = NO;
				INFOPLIST_KEY_UISupportedInterfaceOrientations = UIInterfaceOrientationPortrait;
				INFOPLIST_KEY_UISupportedInterfaceOrientations_iPad = "UIInterfaceOrientationPortrait UIInterfaceOrientationPortraitUpsideDown UIInterfaceOrientationLandscapeLeft UIInterfaceOrientationLandscapeRight";
				INFOPLIST_KEY_UISupportedInterfaceOrientations_iPhone = UIInterfaceOrientationPortrait;
				INFOPLIST_KEY_UIUserInterfaceStyle = Light;
				IPHONEOS_DEPLOYMENT_TARGET = 13.0;
				LD_RUNPATH_SEARCH_PATHS = (
					"$(inherited)",
					"@executable_path/Frameworks",
				);
				MARKETING_VERSION = 1.0.0;
				PRODUCT_BUNDLE_IDENTIFIER = com.coveragecallblocker.mobile.app;
				PRODUCT_NAME = "$(TARGET_NAME)";
				PROVISIONING_PROFILE_SPECIFIER = "";
				SWIFT_EMIT_LOC_STRINGS = YES;
				SWIFT_VERSION = 5.0;
				TARGETED_DEVICE_FAMILY = 1;
			};
			name = Release;
		};
		26CDA9C32728161E0077167B /* Debug */ = {
			isa = XCBuildConfiguration;
			buildSettings = {
				CODE_SIGN_IDENTITY = "iPhone Developer";
				CODE_SIGN_STYLE = Manual;
				CURRENT_PROJECT_VERSION = 1;
				DEFINES_MODULE = YES;
				DEVELOPMENT_TEAM = "";
				DYLIB_COMPATIBILITY_VERSION = 1;
				DYLIB_CURRENT_VERSION = 1;
				DYLIB_INSTALL_NAME_BASE = "@rpath";
				GENERATE_INFOPLIST_FILE = YES;
				INFOPLIST_KEY_NSHumanReadableCopyright = "";
				INSTALL_PATH = "$(LOCAL_LIBRARY_DIR)/Frameworks";
				IPHONEOS_DEPLOYMENT_TARGET = 13.0;
				LD_RUNPATH_SEARCH_PATHS = (
					"$(inherited)",
					"@executable_path/Frameworks",
					"@loader_path/Frameworks",
				);
				MARKETING_VERSION = 1.0;
				PRODUCT_BUNDLE_IDENTIFIER = com.coveragecallblocker.mobile.app.callerdata;
				PRODUCT_NAME = "$(TARGET_NAME:c99extidentifier)";
				PROVISIONING_PROFILE_SPECIFIER = "";
				"PROVISIONING_PROFILE_SPECIFIER[sdk=macosx*]" = "";
				SKIP_INSTALL = YES;
				SWIFT_EMIT_LOC_STRINGS = YES;
				SWIFT_VERSION = 5.0;
				TARGETED_DEVICE_FAMILY = "1,2";
				VERSIONING_SYSTEM = "apple-generic";
				VERSION_INFO_PREFIX = "";
			};
			name = Debug;
		};
		26CDA9C42728161E0077167B /* Release */ = {
			isa = XCBuildConfiguration;
			buildSettings = {
				CODE_SIGN_IDENTITY = "iPhone Distribution";
				CODE_SIGN_STYLE = Manual;
				CURRENT_PROJECT_VERSION = 1;
				DEFINES_MODULE = YES;
				DEVELOPMENT_TEAM = "";
				DYLIB_COMPATIBILITY_VERSION = 1;
				DYLIB_CURRENT_VERSION = 1;
				DYLIB_INSTALL_NAME_BASE = "@rpath";
				GENERATE_INFOPLIST_FILE = YES;
				INFOPLIST_KEY_NSHumanReadableCopyright = "";
				INSTALL_PATH = "$(LOCAL_LIBRARY_DIR)/Frameworks";
				IPHONEOS_DEPLOYMENT_TARGET = 13.0;
				LD_RUNPATH_SEARCH_PATHS = (
					"$(inherited)",
					"@executable_path/Frameworks",
					"@loader_path/Frameworks",
				);
				MARKETING_VERSION = 1.0;
				PRODUCT_BUNDLE_IDENTIFIER = com.coveragecallblocker.mobile.app.callerdata;
				PRODUCT_NAME = "$(TARGET_NAME:c99extidentifier)";
				PROVISIONING_PROFILE_SPECIFIER = "";
				"PROVISIONING_PROFILE_SPECIFIER[sdk=macosx*]" = "";
				SKIP_INSTALL = YES;
				SWIFT_EMIT_LOC_STRINGS = YES;
				SWIFT_VERSION = 5.0;
				TARGETED_DEVICE_FAMILY = "1,2";
				VERSIONING_SYSTEM = "apple-generic";
				VERSION_INFO_PREFIX = "";
			};
			name = Release;
		};
/* End XCBuildConfiguration section */

/* Begin XCConfigurationList section */
		262708962726C9A800B270DC /* Build configuration list for PBXNativeTarget "Coverage-call-blockerExtension" */ = {
			isa = XCConfigurationList;
			buildConfigurations = (
				262708972726C9A800B270DC /* Debug */,
				262708982726C9A800B270DC /* Release */,
			);
			defaultConfigurationIsVisible = 0;
			defaultConfigurationName = Release;
		};
		2696E5902706EC510011337E /* Build configuration list for PBXProject "Coverage-call-blocker" */ = {
			isa = XCConfigurationList;
			buildConfigurations = (
				2696E5AA2706EC540011337E /* Debug */,
				2696E5AB2706EC540011337E /* Release */,
			);
			defaultConfigurationIsVisible = 0;
			defaultConfigurationName = Release;
		};
		2696E5AC2706EC540011337E /* Build configuration list for PBXNativeTarget "Coverage-call-blocker" */ = {
			isa = XCConfigurationList;
			buildConfigurations = (
				2696E5AD2706EC540011337E /* Debug */,
				2696E5AE2706EC540011337E /* Release */,
			);
			defaultConfigurationIsVisible = 0;
			defaultConfigurationName = Release;
		};
		26CDA9C22728161E0077167B /* Build configuration list for PBXNativeTarget "CallerData" */ = {
			isa = XCConfigurationList;
			buildConfigurations = (
				26CDA9C32728161E0077167B /* Debug */,
				26CDA9C42728161E0077167B /* Release */,
			);
			defaultConfigurationIsVisible = 0;
			defaultConfigurationName = Release;
		};
/* End XCConfigurationList section */

/* Begin XCVersionGroup section */
		2696E5A12706EC510011337E /* Coverage_call_blocker.xcdatamodeld */ = {
			isa = XCVersionGroup;
			children = (
				2696E5A22706EC510011337E /* Coverage_call_blocker.xcdatamodel */,
			);
			currentVersion = 2696E5A22706EC510011337E /* Coverage_call_blocker.xcdatamodel */;
			path = Coverage_call_blocker.xcdatamodeld;
			sourceTree = "<group>";
			versionGroupType = wrapper.xcdatamodel;
		};
/* End XCVersionGroup section */
	};
	rootObject = 2696E58D2706EC510011337E /* Project object */;
}
